
Microsoft Visual Studio Solution File, Format Version 12.00
# Visual Studio 15
VisualStudioVersion = 15.0.28010.2003
MinimumVisualStudioVersion = 10.0.40219.1
Project("{FAE04EC0-301F-11D3-BF4B-00C04F79EFBC}") = "Entidades", "Entidades\Entidades.csproj", "{CE51D6E6-6A51-4696-823E-FE6AC75D69F5}"
EndProject
Project("{FAE04EC0-301F-11D3-BF4B-00C04F79EFBC}") = "frmFinal", "frmFinal\frmFinal.csproj", "{68FC7697-4ABB-4474-A306-FA45CE35F573}"
EndProject
Project("{FAE04EC0-301F-11D3-BF4B-00C04F79EFBC}") = "ConstructoresPaciente", "ConstructoresPaciente\ConstructoresPaciente.csproj", "{441A58D7-408B-4D6D-B3F5-41B0B2241307}"
EndProject
Global
	GlobalSection(SolutionConfigurationPlatforms) = preSolution
		Debug|Any CPU = Debug|Any CPU
		Release|Any CPU = Release|Any CPU
	EndGlobalSection
	GlobalSection(ProjectConfigurationPlatforms) = postSolution
		{CE51D6E6-6A51-4696-823E-FE6AC75D69F5}.Debug|Any CPU.ActiveCfg = Debug|Any CPU
		{CE51D6E6-6A51-4696-823E-FE6AC75D69F5}.Debug|Any CPU.Build.0 = Debug|Any CPU
		{CE51D6E6-6A51-4696-823E-FE6AC75D69F5}.Release|Any CPU.ActiveCfg = Release|Any CPU
		{CE51D6E6-6A51-4696-823E-FE6AC75D69F5}.Release|Any CPU.Build.0 = Release|Any CPU
		{68FC7697-4ABB-4474-A306-FA45CE35F573}.Debug|Any CPU.ActiveCfg = Debug|Any CPU
		{68FC7697-4ABB-4474-A306-FA45CE35F573}.Debug|Any CPU.Build.0 = Debug|Any CPU
		{68FC7697-4ABB-4474-A306-FA45CE35F573}.Release|Any CPU.ActiveCfg = Release|Any CPU
		{68FC7697-4ABB-4474-A306-FA45CE35F573}.Release|Any CPU.Build.0 = Release|Any CPU
		{441A58D7-408B-4D6D-B3F5-41B0B2241307}.Debug|Any CPU.ActiveCfg = Debug|Any CPU
		{441A58D7-408B-4D6D-B3F5-41B0B2241307}.Debug|Any CPU.Build.0 = Debug|Any CPU
		{441A58D7-408B-4D6D-B3F5-41B0B2241307}.Release|Any CPU.ActiveCfg = Release|Any CPU
		{441A58D7-408B-4D6D-B3F5-41B0B2241307}.Release|Any CPU.Build.0 = Release|Any CPU
	EndGlobalSection
	GlobalSection(SolutionProperties) = preSolution
		HideSolutionNode = FALSE
	EndGlobalSection
	GlobalSection(ExtensibilityGlobals) = postSolution
		SolutionGuid = {131AFBFE-DC50-4F4E-870C-1EA562443429}
	EndGlobalSection
EndGlobal
