
Microsoft Visual Studio Solution File, Format Version 12.00
# Visual Studio 15
VisualStudioVersion = 15.0.28010.2003
MinimumVisualStudioVersion = 10.0.40219.1
Project("{FAE04EC0-301F-11D3-BF4B-00C04F79EFBC}") = "Ex_02.1_Reloj_event_delegate", "Ex_02.1_Reloj_event_delegate.csproj", "{5E444279-7E9D-43B7-8B96-BB7323E2DE87}"
EndProject
Global
	GlobalSection(SolutionConfigurationPlatforms) = preSolution
		Debug|Any CPU = Debug|Any CPU
		Release|Any CPU = Release|Any CPU
	EndGlobalSection
	GlobalSection(ProjectConfigurationPlatforms) = postSolution
		{5E444279-7E9D-43B7-8B96-BB7323E2DE87}.Debug|Any CPU.ActiveCfg = Debug|Any CPU
		{5E444279-7E9D-43B7-8B96-BB7323E2DE87}.Debug|Any CPU.Build.0 = Debug|Any CPU
		{5E444279-7E9D-43B7-8B96-BB7323E2DE87}.Release|Any CPU.ActiveCfg = Release|Any CPU
		{5E444279-7E9D-43B7-8B96-BB7323E2DE87}.Release|Any CPU.Build.0 = Release|Any CPU
	EndGlobalSection
	GlobalSection(SolutionProperties) = preSolution
		HideSolutionNode = FALSE
	EndGlobalSection
	GlobalSection(ExtensibilityGlobals) = postSolution
		SolutionGuid = {40DDBFE8-15D3-428E-93FD-87D3C24830E4}
	EndGlobalSection
EndGlobal
