
Microsoft Visual Studio Solution File, Format Version 12.00
# Visual Studio 15
VisualStudioVersion = 15.0.28010.2003
MinimumVisualStudioVersion = 10.0.40219.1
Project("{FAE04EC0-301F-11D3-BF4B-00C04F79EFBC}") = "Practica_Eventos", "Practica_Eventos\Practica_Eventos.csproj", "{464F3EDB-E27B-4083-BE0C-02E7B01516A5}"
EndProject
Project("{FAE04EC0-301F-11D3-BF4B-00C04F79EFBC}") = "Ex_01_PlayMedia_delegate", "Ex_01_PlayMedia_delegate\Ex_01_PlayMedia_delegate.csproj", "{2042B548-C137-4A54-9373-5EC35FFEB909}"
EndProject
Project("{FAE04EC0-301F-11D3-BF4B-00C04F79EFBC}") = "Ex_02.0_Reloj_CambioDeSegundo_delegate", "Ex_02.0_Reloj_CambioDeSegundo_delegate\Ex_02.0_Reloj_CambioDeSegundo_delegate.csproj", "{D3B96405-55C0-4847-BC8F-E660D24E2E65}"
EndProject
Project("{FAE04EC0-301F-11D3-BF4B-00C04F79EFBC}") = "Ex_02.1_Reloj_event_delegate", "Ex_02.1_Reloj_event_delegate\Ex_02.1_Reloj_event_delegate.csproj", "{5E444279-7E9D-43B7-8B96-BB7323E2DE87}"
EndProject
Global
	GlobalSection(SolutionConfigurationPlatforms) = preSolution
		Debug|Any CPU = Debug|Any CPU
		Release|Any CPU = Release|Any CPU
	EndGlobalSection
	GlobalSection(ProjectConfigurationPlatforms) = postSolution
		{464F3EDB-E27B-4083-BE0C-02E7B01516A5}.Debug|Any CPU.ActiveCfg = Debug|Any CPU
		{464F3EDB-E27B-4083-BE0C-02E7B01516A5}.Debug|Any CPU.Build.0 = Debug|Any CPU
		{464F3EDB-E27B-4083-BE0C-02E7B01516A5}.Release|Any CPU.ActiveCfg = Release|Any CPU
		{464F3EDB-E27B-4083-BE0C-02E7B01516A5}.Release|Any CPU.Build.0 = Release|Any CPU
		{2042B548-C137-4A54-9373-5EC35FFEB909}.Debug|Any CPU.ActiveCfg = Debug|Any CPU
		{2042B548-C137-4A54-9373-5EC35FFEB909}.Debug|Any CPU.Build.0 = Debug|Any CPU
		{2042B548-C137-4A54-9373-5EC35FFEB909}.Release|Any CPU.ActiveCfg = Release|Any CPU
		{2042B548-C137-4A54-9373-5EC35FFEB909}.Release|Any CPU.Build.0 = Release|Any CPU
		{D3B96405-55C0-4847-BC8F-E660D24E2E65}.Debug|Any CPU.ActiveCfg = Debug|Any CPU
		{D3B96405-55C0-4847-BC8F-E660D24E2E65}.Debug|Any CPU.Build.0 = Debug|Any CPU
		{D3B96405-55C0-4847-BC8F-E660D24E2E65}.Release|Any CPU.ActiveCfg = Release|Any CPU
		{D3B96405-55C0-4847-BC8F-E660D24E2E65}.Release|Any CPU.Build.0 = Release|Any CPU
		{5E444279-7E9D-43B7-8B96-BB7323E2DE87}.Debug|Any CPU.ActiveCfg = Debug|Any CPU
		{5E444279-7E9D-43B7-8B96-BB7323E2DE87}.Debug|Any CPU.Build.0 = Debug|Any CPU
		{5E444279-7E9D-43B7-8B96-BB7323E2DE87}.Release|Any CPU.ActiveCfg = Release|Any CPU
		{5E444279-7E9D-43B7-8B96-BB7323E2DE87}.Release|Any CPU.Build.0 = Release|Any CPU
	EndGlobalSection
	GlobalSection(SolutionProperties) = preSolution
		HideSolutionNode = FALSE
	EndGlobalSection
	GlobalSection(ExtensibilityGlobals) = postSolution
		SolutionGuid = {F04A049E-E7DF-4919-809D-EF22A67A84B8}
	EndGlobalSection
EndGlobal
