
Microsoft Visual Studio Solution File, Format Version 12.00
# Visual Studio 15
VisualStudioVersion = 15.0.27703.2047
MinimumVisualStudioVersion = 10.0.40219.1
Project("{FAE04EC0-301F-11D3-BF4B-00C04F79EFBC}") = "VistaConsola", "VistaConsola\VistaConsola.csproj", "{BC8A03DF-E135-4750-9C36-8A36A62735B8}"
EndProject
Project("{FAE04EC0-301F-11D3-BF4B-00C04F79EFBC}") = "Entidades", "Entidades\Entidades.csproj", "{4E436009-02BD-4E97-BCEE-140EF515C8AD}"
EndProject
Project("{FAE04EC0-301F-11D3-BF4B-00C04F79EFBC}") = "VistaForm", "VistaForm\VistaForm.csproj", "{6101B230-CFC3-4980-AA91-A500F6F3D453}"
EndProject
Global
	GlobalSection(SolutionConfigurationPlatforms) = preSolution
		Debug|Any CPU = Debug|Any CPU
		Release|Any CPU = Release|Any CPU
	EndGlobalSection
	GlobalSection(ProjectConfigurationPlatforms) = postSolution
		{BC8A03DF-E135-4750-9C36-8A36A62735B8}.Debug|Any CPU.ActiveCfg = Debug|Any CPU
		{BC8A03DF-E135-4750-9C36-8A36A62735B8}.Debug|Any CPU.Build.0 = Debug|Any CPU
		{BC8A03DF-E135-4750-9C36-8A36A62735B8}.Release|Any CPU.ActiveCfg = Release|Any CPU
		{BC8A03DF-E135-4750-9C36-8A36A62735B8}.Release|Any CPU.Build.0 = Release|Any CPU
		{4E436009-02BD-4E97-BCEE-140EF515C8AD}.Debug|Any CPU.ActiveCfg = Debug|Any CPU
		{4E436009-02BD-4E97-BCEE-140EF515C8AD}.Debug|Any CPU.Build.0 = Debug|Any CPU
		{4E436009-02BD-4E97-BCEE-140EF515C8AD}.Release|Any CPU.ActiveCfg = Release|Any CPU
		{4E436009-02BD-4E97-BCEE-140EF515C8AD}.Release|Any CPU.Build.0 = Release|Any CPU
		{6101B230-CFC3-4980-AA91-A500F6F3D453}.Debug|Any CPU.ActiveCfg = Debug|Any CPU
		{6101B230-CFC3-4980-AA91-A500F6F3D453}.Debug|Any CPU.Build.0 = Debug|Any CPU
		{6101B230-CFC3-4980-AA91-A500F6F3D453}.Release|Any CPU.ActiveCfg = Release|Any CPU
		{6101B230-CFC3-4980-AA91-A500F6F3D453}.Release|Any CPU.Build.0 = Release|Any CPU
	EndGlobalSection
	GlobalSection(SolutionProperties) = preSolution
		HideSolutionNode = FALSE
	EndGlobalSection
	GlobalSection(ExtensibilityGlobals) = postSolution
		SolutionGuid = {91A28678-BCED-47B2-AD2E-3F8A3F9D8267}
	EndGlobalSection
EndGlobal
