
Microsoft Visual Studio Solution File, Format Version 12.00
# Visual Studio 15
VisualStudioVersion = 15.0.28010.2003
MinimumVisualStudioVersion = 10.0.40219.1
Project("{FAE04EC0-301F-11D3-BF4B-00C04F79EFBC}") = "Entidades", "Entidades\Entidades.csproj", "{FFC83736-D40F-4E8F-8590-6875EDA67916}"
EndProject
Project("{FAE04EC0-301F-11D3-BF4B-00C04F79EFBC}") = "Test", "Test\Test.csproj", "{C711D012-5E9C-420D-9A6C-5BAC83C48DFF}"
EndProject
Global
	GlobalSection(SolutionConfigurationPlatforms) = preSolution
		Debug|Any CPU = Debug|Any CPU
		Release|Any CPU = Release|Any CPU
	EndGlobalSection
	GlobalSection(ProjectConfigurationPlatforms) = postSolution
		{FFC83736-D40F-4E8F-8590-6875EDA67916}.Debug|Any CPU.ActiveCfg = Debug|Any CPU
		{FFC83736-D40F-4E8F-8590-6875EDA67916}.Debug|Any CPU.Build.0 = Debug|Any CPU
		{FFC83736-D40F-4E8F-8590-6875EDA67916}.Release|Any CPU.ActiveCfg = Release|Any CPU
		{FFC83736-D40F-4E8F-8590-6875EDA67916}.Release|Any CPU.Build.0 = Release|Any CPU
		{C711D012-5E9C-420D-9A6C-5BAC83C48DFF}.Debug|Any CPU.ActiveCfg = Debug|Any CPU
		{C711D012-5E9C-420D-9A6C-5BAC83C48DFF}.Debug|Any CPU.Build.0 = Debug|Any CPU
		{C711D012-5E9C-420D-9A6C-5BAC83C48DFF}.Release|Any CPU.ActiveCfg = Release|Any CPU
		{C711D012-5E9C-420D-9A6C-5BAC83C48DFF}.Release|Any CPU.Build.0 = Release|Any CPU
	EndGlobalSection
	GlobalSection(SolutionProperties) = preSolution
		HideSolutionNode = FALSE
	EndGlobalSection
	GlobalSection(ExtensibilityGlobals) = postSolution
		SolutionGuid = {D5BCC52F-B30A-4EAA-AB38-9AD1A385EC23}
	EndGlobalSection
EndGlobal
