
Microsoft Visual Studio Solution File, Format Version 12.00
# Visual Studio 15
VisualStudioVersion = 15.0.27703.2047
MinimumVisualStudioVersion = 10.0.40219.1
Project("{FAE04EC0-301F-11D3-BF4B-00C04F79EFBC}") = "Ej_01", "ejercicio1\Ej_01.csproj", "{FCFCA63B-D778-4176-BCB3-B9E9C56FF43C}"
EndProject
Project("{FAE04EC0-301F-11D3-BF4B-00C04F79EFBC}") = "Ej_02", "ConsoleApp1\Ej_02.csproj", "{76FDB9F0-B871-48F3-A9CE-4DA934CC623D}"
EndProject
Project("{FAE04EC0-301F-11D3-BF4B-00C04F79EFBC}") = "Ej_03", "ConsoleApp2\Ej_03.csproj", "{C74FCCFF-C3B7-4CFC-97F4-F9D02DB7E996}"
EndProject
Project("{FAE04EC0-301F-11D3-BF4B-00C04F79EFBC}") = "Ej_04", "Ej_4\Ej_04.csproj", "{52165600-D5C5-4FD7-A42E-D3BBA2ECDDDF}"
EndProject
Project("{FAE04EC0-301F-11D3-BF4B-00C04F79EFBC}") = "Ej_05", "Ej_5\Ej_05.csproj", "{7A642408-873B-46E6-B908-475074EABB6B}"
EndProject
Project("{FAE04EC0-301F-11D3-BF4B-00C04F79EFBC}") = "Ej_11", "Ej_11\Ej_11.csproj", "{2AC8407C-DB56-4CEC-8CB3-25FCE526BF8D}"
EndProject
Project("{FAE04EC0-301F-11D3-BF4B-00C04F79EFBC}") = "Ej_12", "Ej_12\Ej_12.csproj", "{10843DC6-17FC-42A5-9D7F-E362C6FF8476}"
EndProject
Project("{FAE04EC0-301F-11D3-BF4B-00C04F79EFBC}") = "Ej_06", "Ej_06\Ej_06.csproj", "{B0CEC423-9692-4853-899E-76DD5432D546}"
EndProject
Project("{FAE04EC0-301F-11D3-BF4B-00C04F79EFBC}") = "Ej_07", "Ej_07\Ej_07.csproj", "{465119A5-0D60-424D-A13F-3289FAA02FF0}"
EndProject
Project("{FAE04EC0-301F-11D3-BF4B-00C04F79EFBC}") = "Ej_13", "Ej_13\Ej_13.csproj", "{AE076585-AADF-43D2-9071-2A338593EE79}"
EndProject
Project("{FAE04EC0-301F-11D3-BF4B-00C04F79EFBC}") = "Ej_14", "Ej_14\Ej_14.csproj", "{5083ECEA-64CF-40F0-B2D1-2B0666BABFFE}"
EndProject
Project("{FAE04EC0-301F-11D3-BF4B-00C04F79EFBC}") = "Ej_16", "Ej_16\Ej_16.csproj", "{EBAC2DE8-04A2-4E34-9B8F-FD2ADD47AFAC}"
EndProject
Project("{FAE04EC0-301F-11D3-BF4B-00C04F79EFBC}") = "Ej_17", "Ej_17\Ej_17.csproj", "{D5A85FBB-697B-4D17-A08E-5F28934D4E71}"
EndProject
Project("{FAE04EC0-301F-11D3-BF4B-00C04F79EFBC}") = "Ej_18", "Ej_18\Ej_18.csproj", "{81D69584-D1F6-4D7D-B9CD-56FCB8F60F8C}"
EndProject
Project("{FAE04EC0-301F-11D3-BF4B-00C04F79EFBC}") = "Ej_19", "Ej_19\Ej_19.csproj", "{FA0AA4AC-E815-4B3D-878C-FB2D259F776F}"
EndProject
Project("{FAE04EC0-301F-11D3-BF4B-00C04F79EFBC}") = "Ej_20", "Ej_20\Ej_20.csproj", "{F4ACBD6B-6B94-43AC-86C2-60D6F93F0C3F}"
EndProject
Project("{FAE04EC0-301F-11D3-BF4B-00C04F79EFBC}") = "Repaso", "Repaso\Repaso.csproj", "{651D3395-1B4F-49B7-8CB1-43177407CDDE}"
EndProject
Project("{FAE04EC0-301F-11D3-BF4B-00C04F79EFBC}") = "Moneda", "Moneda\Moneda.csproj", "{55D7B215-78B3-4FED-AC80-3B06A76E2BF8}"
EndProject
Project("{FAE04EC0-301F-11D3-BF4B-00C04F79EFBC}") = "Ej_23", "Ej_23\Ej_23.csproj", "{6DA7C6C9-A5BE-4DBE-B91E-0CA225B55482}"
EndProject
Project("{FAE04EC0-301F-11D3-BF4B-00C04F79EFBC}") = "Ej_21_Conversor_Temperatura", "Ej_21_Conversor_Temperatura\Ej_21_Conversor_Temperatura.csproj", "{9A535464-B50F-432D-A2DF-19390FD5D154}"
EndProject
Project("{FAE04EC0-301F-11D3-BF4B-00C04F79EFBC}") = "MedidasTemperatura", "MedidasTemperatura\MedidasTemperatura.csproj", "{72D83161-9C2F-4262-818C-2E2F137ABAA1}"
EndProject
Project("{FAE04EC0-301F-11D3-BF4B-00C04F79EFBC}") = "Numero", "Numero\Numero.csproj", "{DDB1B73F-B454-4E1C-B610-3668DA95EC8F}"
EndProject
Project("{FAE04EC0-301F-11D3-BF4B-00C04F79EFBC}") = "Ej_22_OperacionesBinarioDecimal", "Ej_22_OperacionesBinarioDecimal\Ej_22_OperacionesBinarioDecimal.csproj", "{E573BEEA-4E03-4AC5-9404-B0FFE9868BC9}"
EndProject
Project("{FAE04EC0-301F-11D3-BF4B-00C04F79EFBC}") = "Ej_24_Form_Conversor_Temperatura", "Ej_24_Form_Conversor_Temperatura\Ej_24_Form_Conversor_Temperatura.csproj", "{8CBDDC31-B1E4-4120-A5DD-0FD5BF19BB3D}"
EndProject
Project("{FAE04EC0-301F-11D3-BF4B-00C04F79EFBC}") = "Ej_25_Conversor_Numerico", "Ej_25_Conversor_Numerico\Ej_25_Conversor_Numerico.csproj", "{E9D4FD1D-6D00-47F6-A565-FC23CBE3F03D}"
EndProject
Project("{FAE04EC0-301F-11D3-BF4B-00C04F79EFBC}") = "Ej_28_Diccionarios", "Ej_28_Diccionarios\Ej_28_Diccionarios.csproj", "{2E5D5772-79AD-4511-BEA1-886E6CFEE678}"
EndProject
Project("{FAE04EC0-301F-11D3-BF4B-00C04F79EFBC}") = "Ej_29_Jugador_Equipo", "Ej_29_Jugador_Equipo\Ej_29_Jugador_Equipo.csproj", "{069B626A-61AF-4F14-A963-C8F2737AA36B}"
EndProject
Project("{FAE04EC0-301F-11D3-BF4B-00C04F79EFBC}") = "Ej_30_Competencia_AutoF1", "Ej_30_Competencia_AutoF1\Ej_30_Competencia_AutoF1.csproj", "{1A8016BA-A63A-4DE8-8D09-9DCD7DA8DAB0}"
EndProject
Project("{FAE04EC0-301F-11D3-BF4B-00C04F79EFBC}") = "Ej_31_Cliente_Negocio_PuestoAtencion", "Ej_31_Cliente_Negocio_PuestoAtencion\Ej_31_Cliente_Negocio_PuestoAtencion.csproj", "{8B1A0787-EC78-4DFF-88AC-119EED410DD0}"
EndProject
Global
	GlobalSection(SolutionConfigurationPlatforms) = preSolution
		Debug|Any CPU = Debug|Any CPU
		Release|Any CPU = Release|Any CPU
	EndGlobalSection
	GlobalSection(ProjectConfigurationPlatforms) = postSolution
		{FCFCA63B-D778-4176-BCB3-B9E9C56FF43C}.Debug|Any CPU.ActiveCfg = Debug|Any CPU
		{FCFCA63B-D778-4176-BCB3-B9E9C56FF43C}.Debug|Any CPU.Build.0 = Debug|Any CPU
		{FCFCA63B-D778-4176-BCB3-B9E9C56FF43C}.Release|Any CPU.ActiveCfg = Release|Any CPU
		{FCFCA63B-D778-4176-BCB3-B9E9C56FF43C}.Release|Any CPU.Build.0 = Release|Any CPU
		{76FDB9F0-B871-48F3-A9CE-4DA934CC623D}.Debug|Any CPU.ActiveCfg = Debug|Any CPU
		{76FDB9F0-B871-48F3-A9CE-4DA934CC623D}.Debug|Any CPU.Build.0 = Debug|Any CPU
		{76FDB9F0-B871-48F3-A9CE-4DA934CC623D}.Release|Any CPU.ActiveCfg = Release|Any CPU
		{76FDB9F0-B871-48F3-A9CE-4DA934CC623D}.Release|Any CPU.Build.0 = Release|Any CPU
		{C74FCCFF-C3B7-4CFC-97F4-F9D02DB7E996}.Debug|Any CPU.ActiveCfg = Debug|Any CPU
		{C74FCCFF-C3B7-4CFC-97F4-F9D02DB7E996}.Debug|Any CPU.Build.0 = Debug|Any CPU
		{C74FCCFF-C3B7-4CFC-97F4-F9D02DB7E996}.Release|Any CPU.ActiveCfg = Release|Any CPU
		{C74FCCFF-C3B7-4CFC-97F4-F9D02DB7E996}.Release|Any CPU.Build.0 = Release|Any CPU
		{52165600-D5C5-4FD7-A42E-D3BBA2ECDDDF}.Debug|Any CPU.ActiveCfg = Debug|Any CPU
		{52165600-D5C5-4FD7-A42E-D3BBA2ECDDDF}.Debug|Any CPU.Build.0 = Debug|Any CPU
		{52165600-D5C5-4FD7-A42E-D3BBA2ECDDDF}.Release|Any CPU.ActiveCfg = Release|Any CPU
		{52165600-D5C5-4FD7-A42E-D3BBA2ECDDDF}.Release|Any CPU.Build.0 = Release|Any CPU
		{7A642408-873B-46E6-B908-475074EABB6B}.Debug|Any CPU.ActiveCfg = Debug|Any CPU
		{7A642408-873B-46E6-B908-475074EABB6B}.Debug|Any CPU.Build.0 = Debug|Any CPU
		{7A642408-873B-46E6-B908-475074EABB6B}.Release|Any CPU.ActiveCfg = Release|Any CPU
		{7A642408-873B-46E6-B908-475074EABB6B}.Release|Any CPU.Build.0 = Release|Any CPU
		{2AC8407C-DB56-4CEC-8CB3-25FCE526BF8D}.Debug|Any CPU.ActiveCfg = Debug|Any CPU
		{2AC8407C-DB56-4CEC-8CB3-25FCE526BF8D}.Debug|Any CPU.Build.0 = Debug|Any CPU
		{2AC8407C-DB56-4CEC-8CB3-25FCE526BF8D}.Release|Any CPU.ActiveCfg = Release|Any CPU
		{2AC8407C-DB56-4CEC-8CB3-25FCE526BF8D}.Release|Any CPU.Build.0 = Release|Any CPU
		{10843DC6-17FC-42A5-9D7F-E362C6FF8476}.Debug|Any CPU.ActiveCfg = Debug|Any CPU
		{10843DC6-17FC-42A5-9D7F-E362C6FF8476}.Debug|Any CPU.Build.0 = Debug|Any CPU
		{10843DC6-17FC-42A5-9D7F-E362C6FF8476}.Release|Any CPU.ActiveCfg = Release|Any CPU
		{10843DC6-17FC-42A5-9D7F-E362C6FF8476}.Release|Any CPU.Build.0 = Release|Any CPU
		{B0CEC423-9692-4853-899E-76DD5432D546}.Debug|Any CPU.ActiveCfg = Debug|Any CPU
		{B0CEC423-9692-4853-899E-76DD5432D546}.Debug|Any CPU.Build.0 = Debug|Any CPU
		{B0CEC423-9692-4853-899E-76DD5432D546}.Release|Any CPU.ActiveCfg = Release|Any CPU
		{B0CEC423-9692-4853-899E-76DD5432D546}.Release|Any CPU.Build.0 = Release|Any CPU
		{465119A5-0D60-424D-A13F-3289FAA02FF0}.Debug|Any CPU.ActiveCfg = Debug|Any CPU
		{465119A5-0D60-424D-A13F-3289FAA02FF0}.Debug|Any CPU.Build.0 = Debug|Any CPU
		{465119A5-0D60-424D-A13F-3289FAA02FF0}.Release|Any CPU.ActiveCfg = Release|Any CPU
		{465119A5-0D60-424D-A13F-3289FAA02FF0}.Release|Any CPU.Build.0 = Release|Any CPU
		{AE076585-AADF-43D2-9071-2A338593EE79}.Debug|Any CPU.ActiveCfg = Debug|Any CPU
		{AE076585-AADF-43D2-9071-2A338593EE79}.Debug|Any CPU.Build.0 = Debug|Any CPU
		{AE076585-AADF-43D2-9071-2A338593EE79}.Release|Any CPU.ActiveCfg = Release|Any CPU
		{AE076585-AADF-43D2-9071-2A338593EE79}.Release|Any CPU.Build.0 = Release|Any CPU
		{5083ECEA-64CF-40F0-B2D1-2B0666BABFFE}.Debug|Any CPU.ActiveCfg = Debug|Any CPU
		{5083ECEA-64CF-40F0-B2D1-2B0666BABFFE}.Debug|Any CPU.Build.0 = Debug|Any CPU
		{5083ECEA-64CF-40F0-B2D1-2B0666BABFFE}.Release|Any CPU.ActiveCfg = Release|Any CPU
		{5083ECEA-64CF-40F0-B2D1-2B0666BABFFE}.Release|Any CPU.Build.0 = Release|Any CPU
		{EBAC2DE8-04A2-4E34-9B8F-FD2ADD47AFAC}.Debug|Any CPU.ActiveCfg = Debug|Any CPU
		{EBAC2DE8-04A2-4E34-9B8F-FD2ADD47AFAC}.Debug|Any CPU.Build.0 = Debug|Any CPU
		{EBAC2DE8-04A2-4E34-9B8F-FD2ADD47AFAC}.Release|Any CPU.ActiveCfg = Release|Any CPU
		{EBAC2DE8-04A2-4E34-9B8F-FD2ADD47AFAC}.Release|Any CPU.Build.0 = Release|Any CPU
		{D5A85FBB-697B-4D17-A08E-5F28934D4E71}.Debug|Any CPU.ActiveCfg = Debug|Any CPU
		{D5A85FBB-697B-4D17-A08E-5F28934D4E71}.Debug|Any CPU.Build.0 = Debug|Any CPU
		{D5A85FBB-697B-4D17-A08E-5F28934D4E71}.Release|Any CPU.ActiveCfg = Release|Any CPU
		{D5A85FBB-697B-4D17-A08E-5F28934D4E71}.Release|Any CPU.Build.0 = Release|Any CPU
		{81D69584-D1F6-4D7D-B9CD-56FCB8F60F8C}.Debug|Any CPU.ActiveCfg = Debug|Any CPU
		{81D69584-D1F6-4D7D-B9CD-56FCB8F60F8C}.Debug|Any CPU.Build.0 = Debug|Any CPU
		{81D69584-D1F6-4D7D-B9CD-56FCB8F60F8C}.Release|Any CPU.ActiveCfg = Release|Any CPU
		{81D69584-D1F6-4D7D-B9CD-56FCB8F60F8C}.Release|Any CPU.Build.0 = Release|Any CPU
		{FA0AA4AC-E815-4B3D-878C-FB2D259F776F}.Debug|Any CPU.ActiveCfg = Debug|Any CPU
		{FA0AA4AC-E815-4B3D-878C-FB2D259F776F}.Debug|Any CPU.Build.0 = Debug|Any CPU
		{FA0AA4AC-E815-4B3D-878C-FB2D259F776F}.Release|Any CPU.ActiveCfg = Release|Any CPU
		{FA0AA4AC-E815-4B3D-878C-FB2D259F776F}.Release|Any CPU.Build.0 = Release|Any CPU
		{F4ACBD6B-6B94-43AC-86C2-60D6F93F0C3F}.Debug|Any CPU.ActiveCfg = Debug|Any CPU
		{F4ACBD6B-6B94-43AC-86C2-60D6F93F0C3F}.Debug|Any CPU.Build.0 = Debug|Any CPU
		{F4ACBD6B-6B94-43AC-86C2-60D6F93F0C3F}.Release|Any CPU.ActiveCfg = Release|Any CPU
		{F4ACBD6B-6B94-43AC-86C2-60D6F93F0C3F}.Release|Any CPU.Build.0 = Release|Any CPU
		{651D3395-1B4F-49B7-8CB1-43177407CDDE}.Debug|Any CPU.ActiveCfg = Debug|Any CPU
		{651D3395-1B4F-49B7-8CB1-43177407CDDE}.Debug|Any CPU.Build.0 = Debug|Any CPU
		{651D3395-1B4F-49B7-8CB1-43177407CDDE}.Release|Any CPU.ActiveCfg = Release|Any CPU
		{651D3395-1B4F-49B7-8CB1-43177407CDDE}.Release|Any CPU.Build.0 = Release|Any CPU
		{55D7B215-78B3-4FED-AC80-3B06A76E2BF8}.Debug|Any CPU.ActiveCfg = Debug|Any CPU
		{55D7B215-78B3-4FED-AC80-3B06A76E2BF8}.Debug|Any CPU.Build.0 = Debug|Any CPU
		{55D7B215-78B3-4FED-AC80-3B06A76E2BF8}.Release|Any CPU.ActiveCfg = Release|Any CPU
		{55D7B215-78B3-4FED-AC80-3B06A76E2BF8}.Release|Any CPU.Build.0 = Release|Any CPU
		{6DA7C6C9-A5BE-4DBE-B91E-0CA225B55482}.Debug|Any CPU.ActiveCfg = Debug|Any CPU
		{6DA7C6C9-A5BE-4DBE-B91E-0CA225B55482}.Debug|Any CPU.Build.0 = Debug|Any CPU
		{6DA7C6C9-A5BE-4DBE-B91E-0CA225B55482}.Release|Any CPU.ActiveCfg = Release|Any CPU
		{6DA7C6C9-A5BE-4DBE-B91E-0CA225B55482}.Release|Any CPU.Build.0 = Release|Any CPU
		{9A535464-B50F-432D-A2DF-19390FD5D154}.Debug|Any CPU.ActiveCfg = Debug|Any CPU
		{9A535464-B50F-432D-A2DF-19390FD5D154}.Debug|Any CPU.Build.0 = Debug|Any CPU
		{9A535464-B50F-432D-A2DF-19390FD5D154}.Release|Any CPU.ActiveCfg = Release|Any CPU
		{9A535464-B50F-432D-A2DF-19390FD5D154}.Release|Any CPU.Build.0 = Release|Any CPU
		{72D83161-9C2F-4262-818C-2E2F137ABAA1}.Debug|Any CPU.ActiveCfg = Debug|Any CPU
		{72D83161-9C2F-4262-818C-2E2F137ABAA1}.Debug|Any CPU.Build.0 = Debug|Any CPU
		{72D83161-9C2F-4262-818C-2E2F137ABAA1}.Release|Any CPU.ActiveCfg = Release|Any CPU
		{72D83161-9C2F-4262-818C-2E2F137ABAA1}.Release|Any CPU.Build.0 = Release|Any CPU
		{DDB1B73F-B454-4E1C-B610-3668DA95EC8F}.Debug|Any CPU.ActiveCfg = Debug|Any CPU
		{DDB1B73F-B454-4E1C-B610-3668DA95EC8F}.Debug|Any CPU.Build.0 = Debug|Any CPU
		{DDB1B73F-B454-4E1C-B610-3668DA95EC8F}.Release|Any CPU.ActiveCfg = Release|Any CPU
		{DDB1B73F-B454-4E1C-B610-3668DA95EC8F}.Release|Any CPU.Build.0 = Release|Any CPU
		{E573BEEA-4E03-4AC5-9404-B0FFE9868BC9}.Debug|Any CPU.ActiveCfg = Debug|Any CPU
		{E573BEEA-4E03-4AC5-9404-B0FFE9868BC9}.Debug|Any CPU.Build.0 = Debug|Any CPU
		{E573BEEA-4E03-4AC5-9404-B0FFE9868BC9}.Release|Any CPU.ActiveCfg = Release|Any CPU
		{E573BEEA-4E03-4AC5-9404-B0FFE9868BC9}.Release|Any CPU.Build.0 = Release|Any CPU
		{8CBDDC31-B1E4-4120-A5DD-0FD5BF19BB3D}.Debug|Any CPU.ActiveCfg = Debug|Any CPU
		{8CBDDC31-B1E4-4120-A5DD-0FD5BF19BB3D}.Debug|Any CPU.Build.0 = Debug|Any CPU
		{8CBDDC31-B1E4-4120-A5DD-0FD5BF19BB3D}.Release|Any CPU.ActiveCfg = Release|Any CPU
		{8CBDDC31-B1E4-4120-A5DD-0FD5BF19BB3D}.Release|Any CPU.Build.0 = Release|Any CPU
		{E9D4FD1D-6D00-47F6-A565-FC23CBE3F03D}.Debug|Any CPU.ActiveCfg = Debug|Any CPU
		{E9D4FD1D-6D00-47F6-A565-FC23CBE3F03D}.Debug|Any CPU.Build.0 = Debug|Any CPU
		{E9D4FD1D-6D00-47F6-A565-FC23CBE3F03D}.Release|Any CPU.ActiveCfg = Release|Any CPU
		{E9D4FD1D-6D00-47F6-A565-FC23CBE3F03D}.Release|Any CPU.Build.0 = Release|Any CPU
		{2E5D5772-79AD-4511-BEA1-886E6CFEE678}.Debug|Any CPU.ActiveCfg = Debug|Any CPU
		{2E5D5772-79AD-4511-BEA1-886E6CFEE678}.Debug|Any CPU.Build.0 = Debug|Any CPU
		{2E5D5772-79AD-4511-BEA1-886E6CFEE678}.Release|Any CPU.ActiveCfg = Release|Any CPU
		{2E5D5772-79AD-4511-BEA1-886E6CFEE678}.Release|Any CPU.Build.0 = Release|Any CPU
		{069B626A-61AF-4F14-A963-C8F2737AA36B}.Debug|Any CPU.ActiveCfg = Debug|Any CPU
		{069B626A-61AF-4F14-A963-C8F2737AA36B}.Debug|Any CPU.Build.0 = Debug|Any CPU
		{069B626A-61AF-4F14-A963-C8F2737AA36B}.Release|Any CPU.ActiveCfg = Release|Any CPU
		{069B626A-61AF-4F14-A963-C8F2737AA36B}.Release|Any CPU.Build.0 = Release|Any CPU
		{1A8016BA-A63A-4DE8-8D09-9DCD7DA8DAB0}.Debug|Any CPU.ActiveCfg = Debug|Any CPU
		{1A8016BA-A63A-4DE8-8D09-9DCD7DA8DAB0}.Debug|Any CPU.Build.0 = Debug|Any CPU
		{1A8016BA-A63A-4DE8-8D09-9DCD7DA8DAB0}.Release|Any CPU.ActiveCfg = Release|Any CPU
		{1A8016BA-A63A-4DE8-8D09-9DCD7DA8DAB0}.Release|Any CPU.Build.0 = Release|Any CPU
		{8B1A0787-EC78-4DFF-88AC-119EED410DD0}.Debug|Any CPU.ActiveCfg = Debug|Any CPU
		{8B1A0787-EC78-4DFF-88AC-119EED410DD0}.Debug|Any CPU.Build.0 = Debug|Any CPU
		{8B1A0787-EC78-4DFF-88AC-119EED410DD0}.Release|Any CPU.ActiveCfg = Release|Any CPU
		{8B1A0787-EC78-4DFF-88AC-119EED410DD0}.Release|Any CPU.Build.0 = Release|Any CPU
	EndGlobalSection
	GlobalSection(SolutionProperties) = preSolution
		HideSolutionNode = FALSE
	EndGlobalSection
	GlobalSection(ExtensibilityGlobals) = postSolution
		SolutionGuid = {D1215990-25B7-4CEC-8BC6-6B0FC6C8DE84}
	EndGlobalSection
EndGlobal
